# This file is generated by running "berry install" inside your project.
# Manual changes might be lost - proceed with caution!

__metadata:
  version: 3

"@berry/fslib@0.0.6":
  version: 0.0.6
  resolution: "@berry/fslib@npm:0.0.6"
  dependencies:
    "@berry/libzip": 0.0.4
  checksum: 2909f436747726d927ff8b01e47fbd60e50bc9e546784410253a47e0a603198e56245a5f21a20873c0fcfa0d4d73221cba7a27e9ef44c92a2d656bac89ff69a2
  languageName: node
  linkType: hard

"@berry/libzip@0.0.4":
  version: 0.0.4
  resolution: "@berry/libzip@npm:0.0.4"
  checksum: 044ff6935cfff2c9abfff07045032e5390c322cf26b0f277f4ae5ffb54d389712f5ec1d602c17faaf73d8a712ca780483b81c83fc69b3c41d18146dcf44b81ea
  languageName: node
  linkType: hard

"@berry/pnpify@npm:^0.0.5":
  version: 0.0.5
  resolution: "@berry/pnpify@npm:0.0.5"
  dependencies:
    "@berry/fslib": 0.0.6
    cross-spawn: "npm:^6.0.5"
  peerDependencies:
    typescript: "*"
  peerDependenciesMeta:
    typescript:
      optional: true
  bin:
    pnpify: ./lib/bin.js
  checksum: a824f74515d1dd5eb9b49b61e703b8eb443ec0b7936d1bafdfc96519e81c032eab26254e1f73c0be322721371198d635280728baf6816fb0f20016aae5eda1d2
  languageName: node
  linkType: hard

ansi-regex@^4.1.0:
  version: 4.1.0
  resolution: "ansi-regex@npm:4.1.0"
  checksum: 81d6694a109fc59673447e2e5c8f2866fc2d9bba73901a53542663f6b085ab05726a831ea0f1a6c66496c7c4fb3b3c9bebef12d73e08601aad3d80bd60c4d2f0
  languageName: node
  linkType: hard

ansi-styles@^3.2.1:
  version: 3.2.1
  resolution: "ansi-styles@npm:3.2.1"
  dependencies:
    color-convert: ^1.9.0
  checksum: 65a184d2f064b01477b0e3259a79f4935d00089a836c387dfcb8f1ecc77769eaff8af9a46a5501a50efa4672a0625192f390135bd444906234029dd9656a4513
  languageName: node
  linkType: hard

chalk@^2.4.2:
  version: 2.4.2
  resolution: "chalk@npm:2.4.2"
  dependencies:
    ansi-styles: ^3.2.1
    escape-string-regexp: ^1.0.5
    supports-color: ^5.3.0
  checksum: 03f55e500b117c9066122a54d2b2b4d76599cf0f110d68092a14267a52b6fdabd8f40fbd000f6ae1075960e4f9036f154306989331e588a09e6fb4c3e6d3d015
  languageName: node
  linkType: hard

cli-cursor@^3.0.0:
  version: 3.1.0
  resolution: "cli-cursor@npm:3.1.0"
  dependencies:
    restore-cursor: ^3.1.0
  checksum: a11a2ba7e0b333b1becaddeecd6f6ab5f2972448447417db4d350c2d96ebed7623f2e9dbf7c5f383a60a468447afd784c665dc1b2ba35f941bf8e6997b246bf1
  languageName: node
  linkType: hard

color-convert@^1.9.0:
  version: 1.9.3
  resolution: "color-convert@npm:1.9.3"
  dependencies:
    color-name: 1.1.3
  checksum: 1fb8e3e23c865f4855149810c6d9de47b9192a6bc931cf79f265393439339f839d8e071c2d3abb23589a4cb5085887c60db7361f8baf94f0e67a398d6d35b5f9
  languageName: node
  linkType: hard

color-name@1.1.3:
  version: 1.1.3
  resolution: "color-name@npm:1.1.3"
  checksum: 426016d44ca83eb843fd2f9019133ea9b47822bba83cef31ca5115675749ad4555801a2070c1bf562b3eb2b4f52a9b1ed6bd605dec7675716a4408c93132c192
  languageName: node
  linkType: hard

"cross-spawn@npm:^6.0.5":
  version: 6.0.5
  resolution: "cross-spawn@npm:6.0.5"
  dependencies:
    nice-try: "npm:^1.0.4"
    path-key: "npm:^2.0.1"
    semver: "npm:^5.5.0"
    shebang-command: "npm:^1.2.0"
    which: "npm:^1.2.9"
  checksum: d06f25a8b38799e85258b28ee0136389d00be52ba6b3573b4a67bcf2e0f70e2f5b6eda3e231f079129d6cec937cc123cf6516efe55a3711487a4dba68cb6a86a
  languageName: node
  linkType: hard

escape-string-regexp@^1.0.5:
  version: 1.0.5
  resolution: "escape-string-regexp@npm:1.0.5"
  checksum: b535e47686864713efe35ac7fe331a5c0440bbe2c5f2f63ee0e56670fee6a11cd05656460121c6d1a2729e6bf5f1eaa17c71db343402e28a5fe56f8f9c4bc6c8
  languageName: node
  linkType: hard

has-flag@^3.0.0:
  version: 3.0.0
  resolution: "has-flag@npm:3.0.0"
  checksum: f574d281701fc774d321a351a944b822b602601b9ca24bfa2c26dab88d6b6bbe28b73866f453652c4b809ba63eba568ce95bb4c01c0bbd54fbee4d3d0cc56608
  languageName: node
  linkType: hard

"isexe@npm:^2.0.0":
  version: 2.0.0
  resolution: "isexe@npm:2.0.0"
  checksum: 8312a3258bc24b5b640321cace7f48805ac2b19b5154b5f517f21802805786780f324d025ce1f685fa89604f7ebf84ba97dbd813c27dff8339d20d83a57bcd0d
  languageName: node
  linkType: hard

mimic-fn@^2.1.0:
  version: 2.1.0
  resolution: "mimic-fn@npm:2.1.0"
  checksum: 181bd2c276eb76d4d43e5d6c519b8af089ac5a87587df7d7097f00cefc64ed5257a49f61237cda1147165eba8459cc6e28bff11a3da5e20d7eb4887761816466
  languageName: node
  linkType: hard

"nice-try@npm:^1.0.4":
  version: 1.0.5
  resolution: "nice-try@npm:1.0.5"
  checksum: a97fdff0c3b5b624556b95c28d74020378395cc6b47430ff92ca5dfa6f6c650c2a527590aa2a239bd951f629be522cc40538f2188fa402e559f04b6d5225eab2
  languageName: node
  linkType: hard

onetime@^5.1.0:
  version: 5.1.0
  resolution: "onetime@npm:5.1.0"
  dependencies:
    mimic-fn: ^2.1.0
  checksum: b38e40409e2357bfd2ae6eee87cdbbbaea4480c82dc8e8bb4d4877260de00802d8b89812bb6ec1849af71270ea7ca3b7618baeeefb6336cc9db1094af6fad192
  languageName: node
  linkType: hard

"path-key@npm:^2.0.1":
  version: 2.0.1
  resolution: "path-key@npm:2.0.1"
  checksum: 43b2d46679ddca6263996972bb3281559b7bf09f42a4f528c27459ff0d364852e64f89dfd7c3a68a94710e06c9bb0158c75b71d1af1d4054248de3562665962c
  languageName: node
  linkType: hard

restore-cursor@^3.1.0:
  version: 3.1.0
  resolution: "restore-cursor@npm:3.1.0"
  dependencies:
    onetime: ^5.1.0
    signal-exit: ^3.0.2
  checksum: b7c84503dce2c83b4f69430dfc2007d298f7f38182d335db967be14d2c02cd619604e4849687ebbdb5d92f17b53c2992a9f4298e7fca59aa6a84bc3d4136b359
  languageName: node
  linkType: hard

"semver@npm:^5.5.0":
  version: 5.7.0
  resolution: "semver@npm:5.7.0"
  bin:
    semver: ./bin/semver
  checksum: 823e5c9fb1381ccb18f4fb0ea2fd08fe4ff4410ac75d382672adb8cba0ece21cf5219f5be5e7de6d8d9057f1955c297da2c546b5412f910fdbc215f731770469
  languageName: node
  linkType: hard

"shebang-command@npm:^1.2.0":
  version: 1.2.0
  resolution: "shebang-command@npm:1.2.0"
  dependencies:
    shebang-regex: "npm:^1.0.0"
  checksum: 58451dadac2f741e3fe468accfdc263c0b2b42ef0a26dd87ac9688dd3aa908a6e2bf74410d1f0943a20baf4e11717b34ce803185aff4c031efa3ab12455e568b
  languageName: node
  linkType: hard

"shebang-regex@npm:^1.0.0":
  version: 1.0.0
  resolution: "shebang-regex@npm:1.0.0"
  checksum: cbd9dddef6419c94534619e2eb40b663bd4d6175de299d41d3d4b03290a839e69a75bee45dfab648c4027355b268f7ba142e483b9eef3a3f1b0084800d04163f
  languageName: node
  linkType: hard

signal-exit@^3.0.2:
  version: 3.0.2
  resolution: "signal-exit@npm:3.0.2"
  checksum: ce17937b1712ddb2e009347833bfe990d77d09d4b2fda9f017f655ff374c58c8a58ebcf6fdff211bbb7f14fae71c75d34a75f29583c3328d866c40798c225da1
  languageName: node
  linkType: hard

spinnies@^0.4.2:
  version: 0.4.2
  resolution: "spinnies@npm:0.4.2"
  dependencies:
    chalk: ^2.4.2
    cli-cursor: ^3.0.0
    strip-ansi: ^5.2.0
  checksum: 06ba0a935555c1299a2e58d2abb89be8870522ec563435736cee9fb9954d1a1fc87a23858aa852d1581309b8d54b8f93767bccf8541292f766cf07e54deede4e
  languageName: node
  linkType: hard

strip-ansi@^5.2.0:
  version: 5.2.0
  resolution: "strip-ansi@npm:5.2.0"
  dependencies:
    ansi-regex: ^4.1.0
  checksum: b93319d43bf59c92af47808057b05b576147f4501127a1d9138ca16fe1793cd6dd2a31eb8ab317ae59357cb89ea33835e37ab38693debcf10f25a03672232689
  languageName: node
  linkType: hard

supports-color@^5.3.0:
  version: 5.5.0
  resolution: "supports-color@npm:5.5.0"
  dependencies:
    has-flag: ^3.0.0
  checksum: 130fab9cd5e238205a4ae2c9e9fd82e23fc3f3196e26ce7655befda5681f3053f54b76af1709fe45512b58ac642aae7f84f487e79ca2a6a33fdc45589b7f1864
  languageName: node
  linkType: hard

"typescript-repro@workspace:.":
  version: 0.0.0-use.local
  resolution: "typescript-repro@workspace:."
  dependencies:
    "@berry/pnpify": "npm:^0.0.5"
    spinnies: ^0.4.2
    typescript: 3.3.0-rc
  languageName: unknown
  linkType: soft

typescript@3.3.0-rc:
  version: 3.3.0-rc
  resolution: "typescript@npm:3.3.0-rc"
  bin:
    tsc: ./bin/tsc
    tsserver: ./bin/tsserver
  checksum: 1e3d055cce3aa29e2a05d491e16c7a736b5a05fcf8810dba44ecaeffd58645876cc78ddcfffd7b5d9ff77e3b3f265a8f0cc092935fc9b8679002ff67b3a7c9a8
  languageName: node
  linkType: hard

"which@npm:^1.2.9":
  version: 1.3.1
  resolution: "which@npm:1.3.1"
  dependencies:
    isexe: "npm:^2.0.0"
  bin:
    which: ./bin/which
  checksum: f827af47bbb2d8c29c9aec65cf11860a9cfb66ec03d1c4ee1d5bb1738cddde9e91418099fabfffcb4f3be1b6ca13c7c5c31f825f8ca5bee97a52ca2c1bc49afe
  languageName: node
  linkType: hard
