# This file is generated by running "berry install" inside your project.
# Manual changes might be lost - proceed with caution!

__metadata:
  version: 3

"@berry/fslib@npm:0.0.6":
  version: 0.0.6
  resolution: "@berry/fslib@npm:0.0.6"
  dependencies:
    "@berry/libzip": "npm:0.0.4"
  checksum: 2909f436747726d927ff8b01e47fbd60e50bc9e546784410253a47e0a603198e56245a5f21a20873c0fcfa0d4d73221cba7a27e9ef44c92a2d656bac89ff69a2
  languageName: node
  linkType: hard

"@berry/libzip@npm:0.0.4":
  version: 0.0.4
  resolution: "@berry/libzip@npm:0.0.4"
  checksum: 044ff6935cfff2c9abfff07045032e5390c322cf26b0f277f4ae5ffb54d389712f5ec1d602c17faaf73d8a712ca780483b81c83fc69b3c41d18146dcf44b81ea
  languageName: node
  linkType: hard

"@berry/pnpify@npm:^0.0.4":
  version: 0.0.4
  resolution: "@berry/pnpify@npm:0.0.4"
  dependencies:
    "@berry/fslib": "npm:0.0.6"
  bin:
    pnpify: ./lib/bin.js
  checksum: 807bfd654cce6ed111c0f7e09c51c073749ee6969bd1e81b1863e61ffe2ac2eefc59705c6611afb84cee5f992977407927bf577efab334372d74e87a30d85091
  languageName: node
  linkType: hard

"typescript-repro@workspace:.":
  version: 0.0.0-use.local
  resolution: "typescript-repro@workspace:."
  dependencies:
    "@berry/pnpify": "npm:^0.0.4"
    typescript: 3.3.0-rc
  languageName: unknown
  linkType: soft

typescript@3.3.0-rc:
  version: 3.3.0-rc
  resolution: "typescript@npm:3.3.0-rc"
  bin:
    tsc: ./bin/tsc
    tsserver: ./bin/tsserver
  checksum: 1e3d055cce3aa29e2a05d491e16c7a736b5a05fcf8810dba44ecaeffd58645876cc78ddcfffd7b5d9ff77e3b3f265a8f0cc092935fc9b8679002ff67b3a7c9a8
  languageName: node
  linkType: hard
